
Microsoft Visual Studio Solution File, Format Version 12.00
# Visual Studio Version 16
VisualStudioVersion = 16.0.30621.155
MinimumVisualStudioVersion = 10.0.40219.1
Project("{FAE04EC0-301F-11D3-BF4B-00C04F79EFBC}") = "Rekenmachine", "Rekenmachine\Rekenmachine.csproj", "{D81AC516-B849-41CD-83D0-39C7912A5AE0}"
EndProject
Global
	GlobalSection(SolutionConfigurationPlatforms) = preSolution
		Debug|Any CPU = Debug|Any CPU
		Release|Any CPU = Release|Any CPU
	EndGlobalSection
	GlobalSection(ProjectConfigurationPlatforms) = postSolution
		{D81AC516-B849-41CD-83D0-39C7912A5AE0}.Debug|Any CPU.ActiveCfg = Debug|Any CPU
		{D81AC516-B849-41CD-83D0-39C7912A5AE0}.Debug|Any CPU.Build.0 = Debug|Any CPU
		{D81AC516-B849-41CD-83D0-39C7912A5AE0}.Release|Any CPU.ActiveCfg = Release|Any CPU
		{D81AC516-B849-41CD-83D0-39C7912A5AE0}.Release|Any CPU.Build.0 = Release|Any CPU
	EndGlobalSection
	GlobalSection(SolutionProperties) = preSolution
		HideSolutionNode = FALSE
	EndGlobalSection
	GlobalSection(ExtensibilityGlobals) = postSolution
		SolutionGuid = {4D9C99DB-A1B8-4171-BBAA-1C0928809E98}
	EndGlobalSection
EndGlobal
